github.com/codingbeard/tfkg v0.26.28 h1:NeQMyrnU63CKah0O3/dpxQ0Pd88dcI6B+7IvSdlTeTU=
github.com/codingbeard/tfkg v0.26.28/go.mod h1:eFoUF3SmLGkqIKQAZ2kRtaEuNWafghoiZP3+Rqw3DcU=
github.com/ffloof/dragontoothmg v0.0.0-20221212131918-13ffbc8426dd h1:7tyukguLhVxSNj2H9KkoY/hJQqWYRadZ7Ivik88Y+p8=
github.com/ffloof/dragontoothmg v0.0.0-20221212131918-13ffbc8426dd/go.mod h1:kYQKVZKColL3Ptx7wv7vdv/b0x2LUTI68UiUZwRcMGs=
github.com/ffloof/dragontoothmg v0.0.0-20221212131918-c3c953fb4b11 h1:7tyukguLhVxSNj2H9KkoY/hJQqWYRadZ7Ivik88Y+p8=
github.com/ffloof/dragontoothmg v0.0.0-20221212131918-c3c953fb4b11/go.mod h1:kYQKVZKColL3Ptx7wv7vdv/b0x2LUTI68UiUZwRcMGs=
github.com/ffloof/dragontoothmg v0.0.0-20221212133958-13ffbc8426dd h1:Kxm7cOi1xO1meyaaQnD+f5WqyT7BZk+/cI/hAJ3O67A=
github.com/ffloof/dragontoothmg v0.0.0-20221212133958-13ffbc8426dd/go.mod h1:kYQKVZKColL3Ptx7wv7vdv/b0x2LUTI68UiUZwRcMGs=
github.com/ffloof/dragontoothmg v0.0.0-20221212134929-8221741a468e h1:XIQUveNGNDmnDn+cbxRUzEkxRXuV+xAW5stHVsLH5P0=
github.com/ffloof/dragontoothmg v0.0.0-20221212134929-8221741a468e/go.mod h1:kYQKVZKColL3Ptx7wv7vdv/b0x2LUTI68UiUZwRcMGs=
github.com/ffloof/dragontoothmg v0.0.0-20221212135758-5a5f2055d10d h1:a9o7/fFgdhclowMFo8XXSQWgiD3/0Erx+8Om/lmn4H8=
github.com/ffloof/dragontoothmg v0.0.0-20221212135758-5a5f2055d10d/go.mod h1:kYQKVZKColL3Ptx7wv7vdv/b0x2LUTI68UiUZwRcMGs=
github.com/ffloof/dragontoothmg v0.0.0-20221214185232-c03dda696a17 h1:bWPNpVOE3jNQTavCy5NKjf9+hUf1bfYGU9zDaumumY8=
github.com/ffloof/dragontoothmg v0.0.0-20221214185232-c03dda696a17/go.mod h1:kYQKVZKColL3Ptx7wv7vdv/b0x2LUTI68UiUZwRcMGs=
github.com/ffloof/dragontoothmg v0.0.0-20221214190426-f02f360092ce h1:McuCP3+aLmq0xI9hXpB8yZMmq+g9uh9LVAP5JefNt8c=
github.com/ffloof/dragontoothmg v0.0.0-20221214190426-f02f360092ce/go.mod h1:kYQKVZKColL3Ptx7wv7vdv/b0x2LUTI68UiUZwRcMGs=
github.com/ffloof/dragontoothmg v0.0.0-20221214191653-ccfb88885198 h1:MKyUJGBcHvP3/qCD0xKy0pmccW8bl47hFmiEUszmpCU=
github.com/ffloof/dragontoothmg v0.0.0-20221214191653-ccfb88885198/go.mod h1:kYQKVZKColL3Ptx7wv7vdv/b0x2LUTI68UiUZwRcMGs=
github.com/ffloof/dragontoothmg v0.0.0-20221214192007-d3b287146337 h1:6ClJXtlmfgW3DPLxI/cq/mizaFucLyQB8xV9N7F9Pqg=
github.com/ffloof/dragontoothmg v0.0.0-20221214192007-d3b287146337/go.mod h1:kYQKVZKColL3Ptx7wv7vdv/b0x2LUTI68UiUZwRcMGs=
github.com/ffloof/dragontoothmg v0.0.0-20221231110700-532d6c7cd524 h1:xQF3Lc9kIva7Ccc/4PfQhdfxRc1CQnq3oZyMzVgjlsw=
github.com/ffloof/dragontoothmg v0.0.0-20221231110700-532d6c7cd524/go.mod h1:kYQKVZKColL3Ptx7wv7vdv/b0x2LUTI68UiUZwRcMGs=
github.com/ffloof/dragontoothmg v0.0.0-20221231161156-4beed89c67cd h1:2ICL/Vmo2IBupqfxKwPgQfaq7PsW08y0bAUR90JgU5k=
github.com/ffloof/dragontoothmg v0.0.0-20221231161156-4beed89c67cd/go.mod h1:kYQKVZKColL3Ptx7wv7vdv/b0x2LUTI68UiUZwRcMGs=
github.com/ffloof/dragontoothmg v0.0.0-20221231161511-5258fb3db5ca h1:vtoLf4Iy2pwjOakUs2Xz+p/nQGKe5yWWZdfRyWHrIaE=
github.com/ffloof/dragontoothmg v0.0.0-20221231161511-5258fb3db5ca/go.mod h1:kYQKVZKColL3Ptx7wv7vdv/b0x2LUTI68UiUZwRcMGs=
github.com/ffloof/dragontoothmg v0.0.0-20221231161831-e6a3fac6532b h1:Ga6jX0h6PiwfFH2vKqW+kSj6rjzgPk46N7+Tmks7eoc=
github.com/ffloof/dragontoothmg v0.0.0-20221231161831-e6a3fac6532b/go.mod h1:kYQKVZKColL3Ptx7wv7vdv/b0x2LUTI68UiUZwRcMGs=
github.com/galeone/tensorflow/tensorflow/go v0.0.0-20221023090153-6b7fa0680c3e h1:9+2AEFZymTi25FIIcDwuzcOPH04z9+fV6XeLiGORPDI=
github.com/galeone/tensorflow/tensorflow/go v0.0.0-20221023090153-6b7fa0680c3e/go.mod h1:TelZuq26kz2jysARBwOrTv16629hyUsHmIoj54QqyFo=
github.com/galeone/tfgo v0.0.0-20221023090852-d89a5c7e31e1 h1:fsU+Je1A2kNu7e1LUAyOUrzXk50/2yP1tFGqKyNkOsI=
github.com/galeone/tfgo v0.0.0-20221023090852-d89a5c7e31e1/go.mod h1:3YgYBeIX42t83uP27Bd4bSMxTnQhSbxl0pYSkCDB1tc=
github.com/golang/protobuf v1.5.0/go.mod h1:FsONVRAS9T7sI+LIUmWTfcYkHO4aIWwzhcaSAoJOfIk=
github.com/google/go-cmp v0.5.5/go.mod h1:v8dTdLbMG2kIc/vJvl+f65V22dbkXbowE6jgT/gNBxE=
golang.org/x/xerrors v0.0.0-20191204190536-9bdfabe68543/go.mod h1:I/5z698sn9Ka8TeJc9MKroUUfqBBauWjQqLJ2OPfmY0=
google.golang.org/protobuf v1.26.0-rc.1/go.mod h1:jlhhOSvTdKEhbULTjvd4ARK9grFBp09yW+WbY/TyQbw=
google.golang.org/protobuf v1.28.1 h1:d0NfwRgPtno5B1Wa6L2DAG+KivqkdutMf1UhdNx175w=
google.golang.org/protobuf v1.28.1/go.mod h1:HV8QOd/L58Z+nl8r43ehVNZIU/HEI6OcFqwMG9pJV4I=
